
Microsoft Visual Studio Solution File, Format Version 12.00
# Visual Studio Version 17
VisualStudioVersion = 17.3.32901.215
MinimumVisualStudioVersion = 10.0.40219.1
Project("{FAE04EC0-301F-11D3-BF4B-00C04F79EFBC}") = "lab3", "lab3\lab3.csproj", "{4915E9C4-6C6D-4869-98F5-C124C3DFE3AB}"
EndProject
Project("{FAE04EC0-301F-11D3-BF4B-00C04F79EFBC}") = "lab4", "..\lab4\lab4.csproj", "{CD3C0BE5-56B2-4D79-9B22-207D88A39CF7}"
EndProject
Global
	GlobalSection(SolutionConfigurationPlatforms) = preSolution
		Debug|Any CPU = Debug|Any CPU
		Release|Any CPU = Release|Any CPU
	EndGlobalSection
	GlobalSection(ProjectConfigurationPlatforms) = postSolution
		{4915E9C4-6C6D-4869-98F5-C124C3DFE3AB}.Debug|Any CPU.ActiveCfg = Debug|Any CPU
		{4915E9C4-6C6D-4869-98F5-C124C3DFE3AB}.Debug|Any CPU.Build.0 = Debug|Any CPU
		{4915E9C4-6C6D-4869-98F5-C124C3DFE3AB}.Release|Any CPU.ActiveCfg = Release|Any CPU
		{4915E9C4-6C6D-4869-98F5-C124C3DFE3AB}.Release|Any CPU.Build.0 = Release|Any CPU
		{CD3C0BE5-56B2-4D79-9B22-207D88A39CF7}.Debug|Any CPU.ActiveCfg = Debug|Any CPU
		{CD3C0BE5-56B2-4D79-9B22-207D88A39CF7}.Debug|Any CPU.Build.0 = Debug|Any CPU
		{CD3C0BE5-56B2-4D79-9B22-207D88A39CF7}.Release|Any CPU.ActiveCfg = Release|Any CPU
		{CD3C0BE5-56B2-4D79-9B22-207D88A39CF7}.Release|Any CPU.Build.0 = Release|Any CPU
	EndGlobalSection
	GlobalSection(SolutionProperties) = preSolution
		HideSolutionNode = FALSE
	EndGlobalSection
	GlobalSection(ExtensibilityGlobals) = postSolution
		SolutionGuid = {6302BCC0-E30A-4DF8-BDFA-F5CC4B33D8B1}
	EndGlobalSection
EndGlobal
